{
  "socketPath": "/tmp/mcp-INzsAs/mcp.sock",
  "scheme": "unix",
  "headers": {
    "Authorization": "Nonce ec57dc4f-50ca-4412-8694-4f02439445f9"
  },
  "pid": 93805,
  "ideName": "Visual Studio Code",
  "timestamp": 1782824814855,
  "workspaceFolders": [
    "/home/hanno"
  ],
  "isTrusted": true
}