{
  "socketPath": "/tmp/mcp-eJRRct/mcp.sock",
  "scheme": "unix",
  "headers": {
    "Authorization": "Nonce 411b07bc-3cdb-4251-9561-2cf6026defa3"
  },
  "pid": 1247,
  "ideName": "Visual Studio Code",
  "timestamp": 1782803762102,
  "workspaceFolders": [
    "/home/hanno"
  ],
  "isTrusted": true
}