{
  "socketPath": "/tmp/mcp-awXGle/mcp.sock",
  "scheme": "unix",
  "headers": {
    "Authorization": "Nonce 1c79a26d-ae98-4ebc-a6e2-426ea017fdda"
  },
  "pid": 40568,
  "ideName": "Visual Studio Code",
  "timestamp": 1782812763155,
  "workspaceFolders": [
    "/home/hanno"
  ],
  "isTrusted": true
}